
Microsoft Visual Studio Solution File, Format Version 12.00
# Visual Studio Version 17
VisualStudioVersion = 17.13.35825.156 d17.13
MinimumVisualStudioVersion = 10.0.40219.1
Project("{8BC9CEB8-8B4A-11D0-8D11-00A0C91BC942}") = "PersistanceOpenGL", "PersistanceOpenGL\PersistanceOpenGL.vcxproj", "{F43DB37B-288B-4BB8-9D45-DAD5A5709C2F}"
EndProject
Global
	GlobalSection(SolutionConfigurationPlatforms) = preSolution
		Debug|x64 = Debug|x64
		Debug|x86 = Debug|x86
		Release|x64 = Release|x64
		Release|x86 = Release|x86
	EndGlobalSection
	GlobalSection(ProjectConfigurationPlatforms) = postSolution
		{F43DB37B-288B-4BB8-9D45-DAD5A5709C2F}.Debug|x64.ActiveCfg = Debug|x64
		{F43DB37B-288B-4BB8-9D45-DAD5A5709C2F}.Debug|x64.Build.0 = Debug|x64
		{F43DB37B-288B-4BB8-9D45-DAD5A5709C2F}.Debug|x86.ActiveCfg = Debug|Win32
		{F43DB37B-288B-4BB8-9D45-DAD5A5709C2F}.Debug|x86.Build.0 = Debug|Win32
		{F43DB37B-288B-4BB8-9D45-DAD5A5709C2F}.Release|x64.ActiveCfg = Release|x64
		{F43DB37B-288B-4BB8-9D45-DAD5A5709C2F}.Release|x64.Build.0 = Release|x64
		{F43DB37B-288B-4BB8-9D45-DAD5A5709C2F}.Release|x86.ActiveCfg = Release|Win32
		{F43DB37B-288B-4BB8-9D45-DAD5A5709C2F}.Release|x86.Build.0 = Release|Win32
	EndGlobalSection
	GlobalSection(SolutionProperties) = preSolution
		HideSolutionNode = FALSE
	EndGlobalSection
	GlobalSection(ExtensibilityGlobals) = postSolution
		SolutionGuid = {8DEC4A68-3D51-445C-BF2D-F155D6C6B470}
	EndGlobalSection
EndGlobal
